// !$*UTF8*$!
{
	archiveVersion = 1;
	classes = {};
	objectVersion = 77;
	objects = {

/* Begin PBXBuildFile section */
		A10000000000000000000001 /* MonitterIOSApp.swift in Sources */ = {isa = PBXBuildFile; fileRef = A20000000000000000000001 /* MonitterIOSApp.swift */; };
		A10000000000000000000002 /* ContentView.swift in Sources */ = {isa = PBXBuildFile; fileRef = A20000000000000000000002 /* ContentView.swift */; };
		A10000000000000000000003 /* QRScannerView.swift in Sources */ = {isa = PBXBuildFile; fileRef = A20000000000000000000003 /* QRScannerView.swift */; };
		A10000000000000000000005 /* BundleWebServer.swift in Sources */ = {isa = PBXBuildFile; fileRef = A20000000000000000000006 /* BundleWebServer.swift */; };
		A10000000000000000000004 /* Web in Resources */ = {isa = PBXBuildFile; fileRef = A20000000000000000000004 /* Web */; };
/* End PBXBuildFile section */

/* Begin PBXFileReference section */
		A20000000000000000000001 /* MonitterIOSApp.swift */ = {isa = PBXFileReference; lastKnownFileType = sourcecode.swift; path = MonitterIOSApp.swift; sourceTree = "<group>"; };
		A20000000000000000000002 /* ContentView.swift */ = {isa = PBXFileReference; lastKnownFileType = sourcecode.swift; path = ContentView.swift; sourceTree = "<group>"; };
		A20000000000000000000003 /* QRScannerView.swift */ = {isa = PBXFileReference; lastKnownFileType = sourcecode.swift; path = QRScannerView.swift; sourceTree = "<group>"; };
		A20000000000000000000006 /* BundleWebServer.swift */ = {isa = PBXFileReference; lastKnownFileType = sourcecode.swift; path = BundleWebServer.swift; sourceTree = "<group>"; };
		A20000000000000000000004 /* Web */ = {isa = PBXFileReference; lastKnownFileType = folder; path = Web; sourceTree = "<group>"; };
		A20000000000000000000005 /* MonitterIOS.app */ = {isa = PBXFileReference; explicitFileType = wrapper.application; includeInIndex = 0; path = MonitterIOS.app; sourceTree = BUILT_PRODUCTS_DIR; };
/* End PBXFileReference section */

/* Begin PBXGroup section */
		A30000000000000000000001 /* MonitterIOS */ = {isa = PBXGroup; children = (A20000000000000000000001 /* MonitterIOSApp.swift */, A20000000000000000000002 /* ContentView.swift */, A20000000000000000000003 /* QRScannerView.swift */, A20000000000000000000006 /* BundleWebServer.swift */, A20000000000000000000004 /* Web */); path = MonitterIOS; sourceTree = "<group>"; };
		A40000000000000000000001 = {isa = PBXGroup; children = (A30000000000000000000001 /* MonitterIOS */, A40000000000000000000002 /* Products */); sourceTree = "<group>"; };
		A40000000000000000000002 /* Products */ = {isa = PBXGroup; children = (A20000000000000000000005 /* MonitterIOS.app */); name = Products; sourceTree = "<group>"; };
/* End PBXGroup section */

/* Begin PBXNativeTarget section */
		A50000000000000000000001 /* MonitterIOS */ = {isa = PBXNativeTarget; buildConfigurationList = A60000000000000000000002 /* Build configuration list for PBXNativeTarget "MonitterIOS" */; buildPhases = (A70000000000000000000001 /* Sources */, A70000000000000000000002 /* Frameworks */, A70000000000000000000003 /* Resources */); buildRules = (); dependencies = (); name = MonitterIOS; productName = MonitterIOS; productReference = A20000000000000000000005 /* MonitterIOS.app */; productType = "com.apple.product-type.application"; };
/* End PBXNativeTarget section */

/* Begin PBXProject section */
		A80000000000000000000001 /* Project object */ = {isa = PBXProject; attributes = { BuildIndependentTargetsInParallel = 1; LastSwiftUpdateCheck = 2620; LastUpgradeCheck = 2620; TargetAttributes = { A50000000000000000000001 = { CreatedOnToolsVersion = 26.2; }; }; }; buildConfigurationList = A60000000000000000000001 /* Build configuration list for PBXProject "MonitterIOS" */; compatibilityVersion = "Xcode 16.0"; developmentRegion = en; hasScannedForEncodings = 0; knownRegions = (en, Base); mainGroup = A40000000000000000000001; productRefGroup = A40000000000000000000002 /* Products */; projectDirPath = ""; projectRoot = ""; targets = (A50000000000000000000001 /* MonitterIOS */); };
/* End PBXProject section */

/* Begin PBXResourcesBuildPhase section */
		A70000000000000000000003 /* Resources */ = {isa = PBXResourcesBuildPhase; buildActionMask = 2147483647; files = (A10000000000000000000004 /* Web in Resources */); runOnlyForDeploymentPostprocessing = 0; };
/* End PBXResourcesBuildPhase section */

/* Begin PBXSourcesBuildPhase section */
		A70000000000000000000001 /* Sources */ = {isa = PBXSourcesBuildPhase; buildActionMask = 2147483647; files = (A10000000000000000000001 /* MonitterIOSApp.swift in Sources */, A10000000000000000000002 /* ContentView.swift in Sources */, A10000000000000000000003 /* QRScannerView.swift in Sources */, A10000000000000000000005 /* BundleWebServer.swift in Sources */); runOnlyForDeploymentPostprocessing = 0; };
/* End PBXSourcesBuildPhase section */

/* Begin PBXFrameworksBuildPhase section */
		A70000000000000000000002 /* Frameworks */ = {isa = PBXFrameworksBuildPhase; buildActionMask = 2147483647; files = (); runOnlyForDeploymentPostprocessing = 0; };
/* End PBXFrameworksBuildPhase section */

/* Begin XCBuildConfiguration section */
		A90000000000000000000001 /* Debug */ = {isa = XCBuildConfiguration; buildSettings = { ALWAYS_SEARCH_USER_PATHS = NO; CLANG_ENABLE_MODULES = YES; CLANG_ENABLE_OBJC_ARC = YES; IPHONEOS_DEPLOYMENT_TARGET = 17.0; SDKROOT = iphoneos; SWIFT_VERSION = 5.0; }; name = Debug; };
		A90000000000000000000002 /* Release */ = {isa = XCBuildConfiguration; buildSettings = { ALWAYS_SEARCH_USER_PATHS = NO; CLANG_ENABLE_MODULES = YES; CLANG_ENABLE_OBJC_ARC = YES; IPHONEOS_DEPLOYMENT_TARGET = 17.0; SDKROOT = iphoneos; SWIFT_VERSION = 5.0; }; name = Release; };
		A90000000000000000000003 /* Debug */ = {isa = XCBuildConfiguration; buildSettings = { ASSETCATALOG_COMPILER_APPICON_NAME = AppIcon; CODE_SIGN_STYLE = Automatic; CURRENT_PROJECT_VERSION = 1; DEVELOPMENT_TEAM = ""; GENERATE_INFOPLIST_FILE = YES; INFOPLIST_KEY_CFBundleDisplayName = Monitter; INFOPLIST_KEY_UILaunchScreen_Generation = YES; INFOPLIST_KEY_LSApplicationCategoryType = "public.app-category.productivity"; INFOPLIST_KEY_NSCameraUsageDescription = "Monitter uses the camera to scan invitation QR codes."; MARKETING_VERSION = 0.1.0; PRODUCT_BUNDLE_IDENTIFIER = com.soyrex.monitter.ios; PRODUCT_NAME = "$(TARGET_NAME)"; SUPPORTED_PLATFORMS = "iphoneos iphonesimulator"; SUPPORTS_MACCATALYST = NO; SWIFT_EMIT_LOC_STRINGS = YES; TARGETED_DEVICE_FAMILY = "1,2"; }; name = Debug; };
		A90000000000000000000004 /* Release */ = {isa = XCBuildConfiguration; buildSettings = { ASSETCATALOG_COMPILER_APPICON_NAME = AppIcon; CODE_SIGN_STYLE = Automatic; CURRENT_PROJECT_VERSION = 1; DEVELOPMENT_TEAM = ""; GENERATE_INFOPLIST_FILE = YES; INFOPLIST_KEY_CFBundleDisplayName = Monitter; INFOPLIST_KEY_UILaunchScreen_Generation = YES; INFOPLIST_KEY_LSApplicationCategoryType = "public.app-category.productivity"; INFOPLIST_KEY_NSCameraUsageDescription = "Monitter uses the camera to scan invitation QR codes."; MARKETING_VERSION = 0.1.0; PRODUCT_BUNDLE_IDENTIFIER = com.soyrex.monitter.ios; PRODUCT_NAME = "$(TARGET_NAME)"; SUPPORTED_PLATFORMS = "iphoneos iphonesimulator"; SUPPORTS_MACCATALYST = NO; SWIFT_EMIT_LOC_STRINGS = YES; TARGETED_DEVICE_FAMILY = "1,2"; }; name = Release; };
/* End XCBuildConfiguration section */

/* Begin XCConfigurationList section */
		A60000000000000000000001 /* Build configuration list for PBXProject "MonitterIOS" */ = {isa = XCConfigurationList; buildConfigurations = (A90000000000000000000001 /* Debug */, A90000000000000000000002 /* Release */); defaultConfigurationIsVisible = 0; defaultConfigurationName = Release; };
		A60000000000000000000002 /* Build configuration list for PBXNativeTarget "MonitterIOS" */ = {isa = XCConfigurationList; buildConfigurations = (A90000000000000000000003 /* Debug */, A90000000000000000000004 /* Release */); defaultConfigurationIsVisible = 0; defaultConfigurationName = Release; };
/* End XCConfigurationList section */
	};
	rootObject = A80000000000000000000001 /* Project object */;
}
